
Microsoft Visual Studio Solution File, Format Version 12.00
# Visual Studio Version 17
VisualStudioVersion = 17.11.35327.3
MinimumVisualStudioVersion = 10.0.40219.1
Project("{FAE04EC0-301F-11D3-BF4B-00C04F79EFBC}") = "Ejemplo_Arquitectura", "Ejemplo_Arquitectura.csproj", "{235B3764-F145-4BE4-B3F5-18A9AFBE3D8D}"
EndProject
Global
	GlobalSection(SolutionConfigurationPlatforms) = preSolution
		Debug|Any CPU = Debug|Any CPU
		Release|Any CPU = Release|Any CPU
	EndGlobalSection
	GlobalSection(ProjectConfigurationPlatforms) = postSolution
		{235B3764-F145-4BE4-B3F5-18A9AFBE3D8D}.Debug|Any CPU.ActiveCfg = Debug|Any CPU
		{235B3764-F145-4BE4-B3F5-18A9AFBE3D8D}.Debug|Any CPU.Build.0 = Debug|Any CPU
		{235B3764-F145-4BE4-B3F5-18A9AFBE3D8D}.Release|Any CPU.ActiveCfg = Release|Any CPU
		{235B3764-F145-4BE4-B3F5-18A9AFBE3D8D}.Release|Any CPU.Build.0 = Release|Any CPU
	EndGlobalSection
	GlobalSection(SolutionProperties) = preSolution
		HideSolutionNode = FALSE
	EndGlobalSection
	GlobalSection(ExtensibilityGlobals) = postSolution
		SolutionGuid = {DE3F6539-C6BB-4121-B0E1-504A7BEBBCE1}
	EndGlobalSection
EndGlobal
